
Microsoft Visual Studio Solution File, Format Version 12.00
# Visual Studio Version 16
VisualStudioVersion = 16.0.31624.102
MinimumVisualStudioVersion = 10.0.40219.1
Project("{FAE04EC0-301F-11D3-BF4B-00C04F79EFBC}") = "Contract.Android", "Contract\Contract.Android\Contract.Android.csproj", "{67CA7A8E-0A63-40D3-9651-DDCC9A4DA155}"
EndProject
Project("{FAE04EC0-301F-11D3-BF4B-00C04F79EFBC}") = "Contract.iOS", "Contract\Contract.iOS\Contract.iOS.csproj", "{33189562-9B75-48C9-8952-168AFFD43EE9}"
EndProject
Project("{9A19103F-16F7-4668-BE54-9A1E7A4F7556}") = "Contract", "Contract\Contract\Contract.csproj", "{A3D2B25D-150D-4F48-887B-7B57335637B7}"
EndProject
Project("{9A19103F-16F7-4668-BE54-9A1E7A4F7556}") = "TestAPI", "Contract\TestAPI\TestAPI.csproj", "{C86D6DD1-3804-47BC-82B5-115BD8C5985C}"
EndProject
Project("{9A19103F-16F7-4668-BE54-9A1E7A4F7556}") = "ContractAPI", "Contract\ContractAPI\ContractAPI.csproj", "{CEE44ABA-CCE4-4CE1-BB98-50448C96AC2F}"
EndProject
Project("{9A19103F-16F7-4668-BE54-9A1E7A4F7556}") = "LibContract", "Contract\LibContract\LibContract.csproj", "{4B7C50B0-A168-4A5B-81A9-A96E24D407EF}"
EndProject
Global
	GlobalSection(SolutionConfigurationPlatforms) = preSolution
		Debug|Any CPU = Debug|Any CPU
		Debug|iPhone = Debug|iPhone
		Debug|iPhoneSimulator = Debug|iPhoneSimulator
		Release|Any CPU = Release|Any CPU
		Release|iPhone = Release|iPhone
		Release|iPhoneSimulator = Release|iPhoneSimulator
	EndGlobalSection
	GlobalSection(ProjectConfigurationPlatforms) = postSolution
		{67CA7A8E-0A63-40D3-9651-DDCC9A4DA155}.Debug|Any CPU.ActiveCfg = Debug|Any CPU
		{67CA7A8E-0A63-40D3-9651-DDCC9A4DA155}.Debug|Any CPU.Build.0 = Debug|Any CPU
		{67CA7A8E-0A63-40D3-9651-DDCC9A4DA155}.Debug|Any CPU.Deploy.0 = Debug|Any CPU
		{67CA7A8E-0A63-40D3-9651-DDCC9A4DA155}.Debug|iPhone.ActiveCfg = Debug|Any CPU
		{67CA7A8E-0A63-40D3-9651-DDCC9A4DA155}.Debug|iPhone.Build.0 = Debug|Any CPU
		{67CA7A8E-0A63-40D3-9651-DDCC9A4DA155}.Debug|iPhone.Deploy.0 = Debug|Any CPU
		{67CA7A8E-0A63-40D3-9651-DDCC9A4DA155}.Debug|iPhoneSimulator.ActiveCfg = Debug|Any CPU
		{67CA7A8E-0A63-40D3-9651-DDCC9A4DA155}.Debug|iPhoneSimulator.Build.0 = Debug|Any CPU
		{67CA7A8E-0A63-40D3-9651-DDCC9A4DA155}.Debug|iPhoneSimulator.Deploy.0 = Debug|Any CPU
		{67CA7A8E-0A63-40D3-9651-DDCC9A4DA155}.Release|Any CPU.ActiveCfg = Release|Any CPU
		{67CA7A8E-0A63-40D3-9651-DDCC9A4DA155}.Release|Any CPU.Build.0 = Release|Any CPU
		{67CA7A8E-0A63-40D3-9651-DDCC9A4DA155}.Release|Any CPU.Deploy.0 = Release|Any CPU
		{67CA7A8E-0A63-40D3-9651-DDCC9A4DA155}.Release|iPhone.ActiveCfg = Release|Any CPU
		{67CA7A8E-0A63-40D3-9651-DDCC9A4DA155}.Release|iPhone.Build.0 = Release|Any CPU
		{67CA7A8E-0A63-40D3-9651-DDCC9A4DA155}.Release|iPhone.Deploy.0 = Release|Any CPU
		{67CA7A8E-0A63-40D3-9651-DDCC9A4DA155}.Release|iPhoneSimulator.ActiveCfg = Release|Any CPU
		{67CA7A8E-0A63-40D3-9651-DDCC9A4DA155}.Release|iPhoneSimulator.Build.0 = Release|Any CPU
		{67CA7A8E-0A63-40D3-9651-DDCC9A4DA155}.Release|iPhoneSimulator.Deploy.0 = Release|Any CPU
		{33189562-9B75-48C9-8952-168AFFD43EE9}.Debug|Any CPU.ActiveCfg = Debug|iPhone
		{33189562-9B75-48C9-8952-168AFFD43EE9}.Debug|Any CPU.Build.0 = Debug|iPhone
		{33189562-9B75-48C9-8952-168AFFD43EE9}.Debug|Any CPU.Deploy.0 = Debug|iPhone
		{33189562-9B75-48C9-8952-168AFFD43EE9}.Debug|iPhone.ActiveCfg = Debug|iPhone
		{33189562-9B75-48C9-8952-168AFFD43EE9}.Debug|iPhone.Build.0 = Debug|iPhone
		{33189562-9B75-48C9-8952-168AFFD43EE9}.Debug|iPhone.Deploy.0 = Debug|iPhone
		{33189562-9B75-48C9-8952-168AFFD43EE9}.Debug|iPhoneSimulator.ActiveCfg = Debug|iPhoneSimulator
		{33189562-9B75-48C9-8952-168AFFD43EE9}.Debug|iPhoneSimulator.Build.0 = Debug|iPhoneSimulator
		{33189562-9B75-48C9-8952-168AFFD43EE9}.Debug|iPhoneSimulator.Deploy.0 = Debug|iPhoneSimulator
		{33189562-9B75-48C9-8952-168AFFD43EE9}.Release|Any CPU.ActiveCfg = Release|iPhoneSimulator
		{33189562-9B75-48C9-8952-168AFFD43EE9}.Release|Any CPU.Build.0 = Release|iPhoneSimulator
		{33189562-9B75-48C9-8952-168AFFD43EE9}.Release|Any CPU.Deploy.0 = Release|iPhoneSimulator
		{33189562-9B75-48C9-8952-168AFFD43EE9}.Release|iPhone.ActiveCfg = Release|iPhone
		{33189562-9B75-48C9-8952-168AFFD43EE9}.Release|iPhone.Build.0 = Release|iPhone
		{33189562-9B75-48C9-8952-168AFFD43EE9}.Release|iPhone.Deploy.0 = Release|iPhone
		{33189562-9B75-48C9-8952-168AFFD43EE9}.Release|iPhoneSimulator.ActiveCfg = Release|iPhoneSimulator
		{33189562-9B75-48C9-8952-168AFFD43EE9}.Release|iPhoneSimulator.Build.0 = Release|iPhoneSimulator
		{33189562-9B75-48C9-8952-168AFFD43EE9}.Release|iPhoneSimulator.Deploy.0 = Release|iPhoneSimulator
		{A3D2B25D-150D-4F48-887B-7B57335637B7}.Debug|Any CPU.ActiveCfg = Debug|Any CPU
		{A3D2B25D-150D-4F48-887B-7B57335637B7}.Debug|Any CPU.Build.0 = Debug|Any CPU
		{A3D2B25D-150D-4F48-887B-7B57335637B7}.Debug|Any CPU.Deploy.0 = Debug|Any CPU
		{A3D2B25D-150D-4F48-887B-7B57335637B7}.Debug|iPhone.ActiveCfg = Debug|Any CPU
		{A3D2B25D-150D-4F48-887B-7B57335637B7}.Debug|iPhone.Build.0 = Debug|Any CPU
		{A3D2B25D-150D-4F48-887B-7B57335637B7}.Debug|iPhone.Deploy.0 = Debug|Any CPU
		{A3D2B25D-150D-4F48-887B-7B57335637B7}.Debug|iPhoneSimulator.ActiveCfg = Debug|Any CPU
		{A3D2B25D-150D-4F48-887B-7B57335637B7}.Debug|iPhoneSimulator.Build.0 = Debug|Any CPU
		{A3D2B25D-150D-4F48-887B-7B57335637B7}.Debug|iPhoneSimulator.Deploy.0 = Debug|Any CPU
		{A3D2B25D-150D-4F48-887B-7B57335637B7}.Release|Any CPU.ActiveCfg = Release|Any CPU
		{A3D2B25D-150D-4F48-887B-7B57335637B7}.Release|Any CPU.Build.0 = Release|Any CPU
		{A3D2B25D-150D-4F48-887B-7B57335637B7}.Release|Any CPU.Deploy.0 = Release|Any CPU
		{A3D2B25D-150D-4F48-887B-7B57335637B7}.Release|iPhone.ActiveCfg = Release|Any CPU
		{A3D2B25D-150D-4F48-887B-7B57335637B7}.Release|iPhone.Build.0 = Release|Any CPU
		{A3D2B25D-150D-4F48-887B-7B57335637B7}.Release|iPhone.Deploy.0 = Release|Any CPU
		{A3D2B25D-150D-4F48-887B-7B57335637B7}.Release|iPhoneSimulator.ActiveCfg = Release|Any CPU
		{A3D2B25D-150D-4F48-887B-7B57335637B7}.Release|iPhoneSimulator.Build.0 = Release|Any CPU
		{A3D2B25D-150D-4F48-887B-7B57335637B7}.Release|iPhoneSimulator.Deploy.0 = Release|Any CPU
		{C86D6DD1-3804-47BC-82B5-115BD8C5985C}.Debug|Any CPU.ActiveCfg = Debug|Any CPU
		{C86D6DD1-3804-47BC-82B5-115BD8C5985C}.Debug|Any CPU.Build.0 = Debug|Any CPU
		{C86D6DD1-3804-47BC-82B5-115BD8C5985C}.Debug|iPhone.ActiveCfg = Debug|Any CPU
		{C86D6DD1-3804-47BC-82B5-115BD8C5985C}.Debug|iPhone.Build.0 = Debug|Any CPU
		{C86D6DD1-3804-47BC-82B5-115BD8C5985C}.Debug|iPhoneSimulator.ActiveCfg = Debug|Any CPU
		{C86D6DD1-3804-47BC-82B5-115BD8C5985C}.Debug|iPhoneSimulator.Build.0 = Debug|Any CPU
		{C86D6DD1-3804-47BC-82B5-115BD8C5985C}.Release|Any CPU.ActiveCfg = Release|Any CPU
		{C86D6DD1-3804-47BC-82B5-115BD8C5985C}.Release|Any CPU.Build.0 = Release|Any CPU
		{C86D6DD1-3804-47BC-82B5-115BD8C5985C}.Release|iPhone.ActiveCfg = Release|Any CPU
		{C86D6DD1-3804-47BC-82B5-115BD8C5985C}.Release|iPhone.Build.0 = Release|Any CPU
		{C86D6DD1-3804-47BC-82B5-115BD8C5985C}.Release|iPhoneSimulator.ActiveCfg = Release|Any CPU
		{C86D6DD1-3804-47BC-82B5-115BD8C5985C}.Release|iPhoneSimulator.Build.0 = Release|Any CPU
		{CEE44ABA-CCE4-4CE1-BB98-50448C96AC2F}.Debug|Any CPU.ActiveCfg = Debug|Any CPU
		{CEE44ABA-CCE4-4CE1-BB98-50448C96AC2F}.Debug|Any CPU.Build.0 = Debug|Any CPU
		{CEE44ABA-CCE4-4CE1-BB98-50448C96AC2F}.Debug|iPhone.ActiveCfg = Debug|Any CPU
		{CEE44ABA-CCE4-4CE1-BB98-50448C96AC2F}.Debug|iPhone.Build.0 = Debug|Any CPU
		{CEE44ABA-CCE4-4CE1-BB98-50448C96AC2F}.Debug|iPhoneSimulator.ActiveCfg = Debug|Any CPU
		{CEE44ABA-CCE4-4CE1-BB98-50448C96AC2F}.Debug|iPhoneSimulator.Build.0 = Debug|Any CPU
		{CEE44ABA-CCE4-4CE1-BB98-50448C96AC2F}.Release|Any CPU.ActiveCfg = Release|Any CPU
		{CEE44ABA-CCE4-4CE1-BB98-50448C96AC2F}.Release|Any CPU.Build.0 = Release|Any CPU
		{CEE44ABA-CCE4-4CE1-BB98-50448C96AC2F}.Release|iPhone.ActiveCfg = Release|Any CPU
		{CEE44ABA-CCE4-4CE1-BB98-50448C96AC2F}.Release|iPhone.Build.0 = Release|Any CPU
		{CEE44ABA-CCE4-4CE1-BB98-50448C96AC2F}.Release|iPhoneSimulator.ActiveCfg = Release|Any CPU
		{CEE44ABA-CCE4-4CE1-BB98-50448C96AC2F}.Release|iPhoneSimulator.Build.0 = Release|Any CPU
		{4B7C50B0-A168-4A5B-81A9-A96E24D407EF}.Debug|Any CPU.ActiveCfg = Debug|Any CPU
		{4B7C50B0-A168-4A5B-81A9-A96E24D407EF}.Debug|Any CPU.Build.0 = Debug|Any CPU
		{4B7C50B0-A168-4A5B-81A9-A96E24D407EF}.Debug|iPhone.ActiveCfg = Debug|Any CPU
		{4B7C50B0-A168-4A5B-81A9-A96E24D407EF}.Debug|iPhone.Build.0 = Debug|Any CPU
		{4B7C50B0-A168-4A5B-81A9-A96E24D407EF}.Debug|iPhoneSimulator.ActiveCfg = Debug|Any CPU
		{4B7C50B0-A168-4A5B-81A9-A96E24D407EF}.Debug|iPhoneSimulator.Build.0 = Debug|Any CPU
		{4B7C50B0-A168-4A5B-81A9-A96E24D407EF}.Release|Any CPU.ActiveCfg = Release|Any CPU
		{4B7C50B0-A168-4A5B-81A9-A96E24D407EF}.Release|Any CPU.Build.0 = Release|Any CPU
		{4B7C50B0-A168-4A5B-81A9-A96E24D407EF}.Release|iPhone.ActiveCfg = Release|Any CPU
		{4B7C50B0-A168-4A5B-81A9-A96E24D407EF}.Release|iPhone.Build.0 = Release|Any CPU
		{4B7C50B0-A168-4A5B-81A9-A96E24D407EF}.Release|iPhoneSimulator.ActiveCfg = Release|Any CPU
		{4B7C50B0-A168-4A5B-81A9-A96E24D407EF}.Release|iPhoneSimulator.Build.0 = Release|Any CPU
	EndGlobalSection
	GlobalSection(SolutionProperties) = preSolution
		HideSolutionNode = FALSE
	EndGlobalSection
	GlobalSection(ExtensibilityGlobals) = postSolution
		SolutionGuid = {FA5C193C-0DB0-495C-8B48-248E296EF0F7}
	EndGlobalSection
EndGlobal
